
Microsoft Visual Studio Solution File, Format Version 12.00
# Visual Studio Version 16
VisualStudioVersion = 16.0.29806.167
MinimumVisualStudioVersion = 10.0.40219.1
Project("{FAE04EC0-301F-11D3-BF4B-00C04F79EFBC}") = "JsChatterBox", "JsChatterBox\JsChatterBox.csproj", "{53E633FD-2F8B-483C-A081-D24C750B10EC}"
EndProject
Project("{FAE04EC0-301F-11D3-BF4B-00C04F79EFBC}") = "JsEncoderTest", "JsEncoderTest\JsEncoderTest.csproj", "{73F7A63E-626D-48F6-B251-85D5C932C238}"
EndProject
Project("{FAE04EC0-301F-11D3-BF4B-00C04F79EFBC}") = "JsEncoder", "JsEncoder\JsEncoder.csproj", "{CFDBDD19-41D6-4BF9-962B-88B2A9A8A012}"
EndProject
Global
	GlobalSection(SolutionConfigurationPlatforms) = preSolution
		Debug|Any CPU = Debug|Any CPU
		Release|Any CPU = Release|Any CPU
	EndGlobalSection
	GlobalSection(ProjectConfigurationPlatforms) = postSolution
		{53E633FD-2F8B-483C-A081-D24C750B10EC}.Debug|Any CPU.ActiveCfg = Debug|Any CPU
		{53E633FD-2F8B-483C-A081-D24C750B10EC}.Debug|Any CPU.Build.0 = Debug|Any CPU
		{53E633FD-2F8B-483C-A081-D24C750B10EC}.Release|Any CPU.ActiveCfg = Release|Any CPU
		{53E633FD-2F8B-483C-A081-D24C750B10EC}.Release|Any CPU.Build.0 = Release|Any CPU
		{73F7A63E-626D-48F6-B251-85D5C932C238}.Debug|Any CPU.ActiveCfg = Debug|Any CPU
		{73F7A63E-626D-48F6-B251-85D5C932C238}.Debug|Any CPU.Build.0 = Debug|Any CPU
		{73F7A63E-626D-48F6-B251-85D5C932C238}.Release|Any CPU.ActiveCfg = Release|Any CPU
		{73F7A63E-626D-48F6-B251-85D5C932C238}.Release|Any CPU.Build.0 = Release|Any CPU
		{CFDBDD19-41D6-4BF9-962B-88B2A9A8A012}.Debug|Any CPU.ActiveCfg = Debug|Any CPU
		{CFDBDD19-41D6-4BF9-962B-88B2A9A8A012}.Debug|Any CPU.Build.0 = Debug|Any CPU
		{CFDBDD19-41D6-4BF9-962B-88B2A9A8A012}.Release|Any CPU.ActiveCfg = Release|Any CPU
		{CFDBDD19-41D6-4BF9-962B-88B2A9A8A012}.Release|Any CPU.Build.0 = Release|Any CPU
	EndGlobalSection
	GlobalSection(SolutionProperties) = preSolution
		HideSolutionNode = FALSE
	EndGlobalSection
	GlobalSection(ExtensibilityGlobals) = postSolution
		SolutionGuid = {96F9D476-A807-4906-A121-D323A34DE21F}
	EndGlobalSection
EndGlobal
